
Microsoft Visual Studio Solution File, Format Version 12.00
# Visual Studio Version 17
VisualStudioVersion = 17.8.34525.116
MinimumVisualStudioVersion = 10.0.40219.1
Project("{FAE04EC0-301F-11D3-BF4B-00C04F79EFBC}") = "BeKind.Client", "BeKind.Server\BeKind.Client.csproj", "{B1497238-0C2A-4725-B2FE-2D37BC3E6D59}"
EndProject
Project("{54A90642-561A-4BB1-A94E-469ADEE60C69}") = "BeKind.UI", "bekind.client\BeKind.UI.esproj", "{6F6A8D49-EB08-41DE-9B91-D0D335D57E88}"
EndProject
Project("{FAE04EC0-301F-11D3-BF4B-00C04F79EFBC}") = "BeKind.Server", "BeKind.Services\BeKind.Server.csproj", "{BFE25D43-6BDD-4E9E-BB10-1780E5540DF3}"
EndProject
Project("{FAE04EC0-301F-11D3-BF4B-00C04F79EFBC}") = "BeKind.Infrastructure", "BeKind.Infrastructure\BeKind.Infrastructure.csproj", "{6BDCDD61-AFEF-4625-BD0A-3A3D1EE6A5C8}"
EndProject
Global
	GlobalSection(SolutionConfigurationPlatforms) = preSolution
		Debug|Any CPU = Debug|Any CPU
		Release|Any CPU = Release|Any CPU
	EndGlobalSection
	GlobalSection(ProjectConfigurationPlatforms) = postSolution
		{B1497238-0C2A-4725-B2FE-2D37BC3E6D59}.Debug|Any CPU.ActiveCfg = Debug|Any CPU
		{B1497238-0C2A-4725-B2FE-2D37BC3E6D59}.Debug|Any CPU.Build.0 = Debug|Any CPU
		{B1497238-0C2A-4725-B2FE-2D37BC3E6D59}.Release|Any CPU.ActiveCfg = Release|Any CPU
		{B1497238-0C2A-4725-B2FE-2D37BC3E6D59}.Release|Any CPU.Build.0 = Release|Any CPU
		{6F6A8D49-EB08-41DE-9B91-D0D335D57E88}.Debug|Any CPU.ActiveCfg = Debug|Any CPU
		{6F6A8D49-EB08-41DE-9B91-D0D335D57E88}.Debug|Any CPU.Build.0 = Debug|Any CPU
		{6F6A8D49-EB08-41DE-9B91-D0D335D57E88}.Debug|Any CPU.Deploy.0 = Debug|Any CPU
		{6F6A8D49-EB08-41DE-9B91-D0D335D57E88}.Release|Any CPU.ActiveCfg = Release|Any CPU
		{6F6A8D49-EB08-41DE-9B91-D0D335D57E88}.Release|Any CPU.Build.0 = Release|Any CPU
		{6F6A8D49-EB08-41DE-9B91-D0D335D57E88}.Release|Any CPU.Deploy.0 = Release|Any CPU
		{BFE25D43-6BDD-4E9E-BB10-1780E5540DF3}.Debug|Any CPU.ActiveCfg = Debug|Any CPU
		{BFE25D43-6BDD-4E9E-BB10-1780E5540DF3}.Debug|Any CPU.Build.0 = Debug|Any CPU
		{BFE25D43-6BDD-4E9E-BB10-1780E5540DF3}.Release|Any CPU.ActiveCfg = Release|Any CPU
		{BFE25D43-6BDD-4E9E-BB10-1780E5540DF3}.Release|Any CPU.Build.0 = Release|Any CPU
		{6BDCDD61-AFEF-4625-BD0A-3A3D1EE6A5C8}.Debug|Any CPU.ActiveCfg = Debug|Any CPU
		{6BDCDD61-AFEF-4625-BD0A-3A3D1EE6A5C8}.Debug|Any CPU.Build.0 = Debug|Any CPU
		{6BDCDD61-AFEF-4625-BD0A-3A3D1EE6A5C8}.Release|Any CPU.ActiveCfg = Release|Any CPU
		{6BDCDD61-AFEF-4625-BD0A-3A3D1EE6A5C8}.Release|Any CPU.Build.0 = Release|Any CPU
	EndGlobalSection
	GlobalSection(SolutionProperties) = preSolution
		HideSolutionNode = FALSE
	EndGlobalSection
	GlobalSection(ExtensibilityGlobals) = postSolution
		SolutionGuid = {71E76F4E-7347-4A05-A332-77FAEB4258E5}
	EndGlobalSection
EndGlobal
